
Microsoft Visual Studio Solution File, Format Version 12.00
# Visual Studio 2013
VisualStudioVersion = 12.0.21005.1
MinimumVisualStudioVersion = 10.0.40219.1
Project("{FAE04EC0-301F-11D3-BF4B-00C04F79EFBC}") = "POC_Translation", "POC_Translation\POC_Translation.csproj", "{57A27A25-D279-4CBE-84C5-16AE0CCED0C9}"
EndProject
Project("{FAE04EC0-301F-11D3-BF4B-00C04F79EFBC}") = "POC_Translation.Tests", "POC_Translation.Tests\POC_Translation.Tests.csproj", "{C4C0482F-AC80-4127-A0BC-8CE94E3BBFD1}"
EndProject
Global
	GlobalSection(SolutionConfigurationPlatforms) = preSolution
		Debug|Any CPU = Debug|Any CPU
		Release|Any CPU = Release|Any CPU
	EndGlobalSection
	GlobalSection(ProjectConfigurationPlatforms) = postSolution
		{57A27A25-D279-4CBE-84C5-16AE0CCED0C9}.Debug|Any CPU.ActiveCfg = Debug|Any CPU
		{57A27A25-D279-4CBE-84C5-16AE0CCED0C9}.Debug|Any CPU.Build.0 = Debug|Any CPU
		{57A27A25-D279-4CBE-84C5-16AE0CCED0C9}.Release|Any CPU.ActiveCfg = Release|Any CPU
		{57A27A25-D279-4CBE-84C5-16AE0CCED0C9}.Release|Any CPU.Build.0 = Release|Any CPU
		{C4C0482F-AC80-4127-A0BC-8CE94E3BBFD1}.Debug|Any CPU.ActiveCfg = Debug|Any CPU
		{C4C0482F-AC80-4127-A0BC-8CE94E3BBFD1}.Debug|Any CPU.Build.0 = Debug|Any CPU
		{C4C0482F-AC80-4127-A0BC-8CE94E3BBFD1}.Release|Any CPU.ActiveCfg = Release|Any CPU
		{C4C0482F-AC80-4127-A0BC-8CE94E3BBFD1}.Release|Any CPU.Build.0 = Release|Any CPU
	EndGlobalSection
	GlobalSection(SolutionProperties) = preSolution
		HideSolutionNode = FALSE
	EndGlobalSection
EndGlobal
